
Microsoft Visual Studio Solution File, Format Version 12.00
# Visual Studio Version 16
VisualStudioVersion = 16.0.29806.167
MinimumVisualStudioVersion = 10.0.40219.1
Project("{FAE04EC0-301F-11D3-BF4B-00C04F79EFBC}") = "Programuję, więc jestem!", "Programuję, więc jestem!\Programuję, więc jestem!.csproj", "{C84EE941-CC10-4853-BDA8-8C7039CF1D6C}"
EndProject
Global
	GlobalSection(SolutionConfigurationPlatforms) = preSolution
		Debug|Any CPU = Debug|Any CPU
		Release|Any CPU = Release|Any CPU
	EndGlobalSection
	GlobalSection(ProjectConfigurationPlatforms) = postSolution
		{C84EE941-CC10-4853-BDA8-8C7039CF1D6C}.Debug|Any CPU.ActiveCfg = Debug|Any CPU
		{C84EE941-CC10-4853-BDA8-8C7039CF1D6C}.Debug|Any CPU.Build.0 = Debug|Any CPU
		{C84EE941-CC10-4853-BDA8-8C7039CF1D6C}.Release|Any CPU.ActiveCfg = Release|Any CPU
		{C84EE941-CC10-4853-BDA8-8C7039CF1D6C}.Release|Any CPU.Build.0 = Release|Any CPU
	EndGlobalSection
	GlobalSection(SolutionProperties) = preSolution
		HideSolutionNode = FALSE
	EndGlobalSection
	GlobalSection(ExtensibilityGlobals) = postSolution
		SolutionGuid = {EEFBFC5C-7A63-4496-986E-4451C6FF5D1D}
	EndGlobalSection
EndGlobal
